
Microsoft Visual Studio Solution File, Format Version 12.00
# Visual Studio Version 17
VisualStudioVersion = 17.8.34525.116
MinimumVisualStudioVersion = 10.0.40219.1
Project("{9A19103F-16F7-4668-BE54-9A1E7A4F7556}") = "MyBlog.Core", "MyBlog.Core\MyBlog.Core.csproj", "{1F0F105E-B368-4AE6-B4B3-EA9940602EC8}"
EndProject
Project("{9A19103F-16F7-4668-BE54-9A1E7A4F7556}") = "MyBlog.Data", "MyBlog.Data\MyBlog.Data.csproj", "{22808ED6-3BBF-4C26-8EA9-21B105AF1F28}"
EndProject
Project("{9A19103F-16F7-4668-BE54-9A1E7A4F7556}") = "MyBlog.Entity", "MyBlog.Entity\MyBlog.Entity.csproj", "{DCB22950-F505-44BE-AEC4-09BE1D214EDB}"
EndProject
Project("{9A19103F-16F7-4668-BE54-9A1E7A4F7556}") = "MyBlog.Web", "MyBlog.Web\MyBlog.Web.csproj", "{7F0A6F1B-9FD8-45BF-8CAA-5541F730581C}"
EndProject
Project("{FAE04EC0-301F-11D3-BF4B-00C04F79EFBC}") = "MyBlog.Service", "MyBlog.Service\MyBlog.Service.csproj", "{F5B56AAA-5F2B-4FA3-9B06-D39F39DACF08}"
EndProject
Global
	GlobalSection(SolutionConfigurationPlatforms) = preSolution
		Debug|Any CPU = Debug|Any CPU
		Release|Any CPU = Release|Any CPU
	EndGlobalSection
	GlobalSection(ProjectConfigurationPlatforms) = postSolution
		{1F0F105E-B368-4AE6-B4B3-EA9940602EC8}.Debug|Any CPU.ActiveCfg = Debug|Any CPU
		{1F0F105E-B368-4AE6-B4B3-EA9940602EC8}.Debug|Any CPU.Build.0 = Debug|Any CPU
		{1F0F105E-B368-4AE6-B4B3-EA9940602EC8}.Release|Any CPU.ActiveCfg = Release|Any CPU
		{1F0F105E-B368-4AE6-B4B3-EA9940602EC8}.Release|Any CPU.Build.0 = Release|Any CPU
		{22808ED6-3BBF-4C26-8EA9-21B105AF1F28}.Debug|Any CPU.ActiveCfg = Debug|Any CPU
		{22808ED6-3BBF-4C26-8EA9-21B105AF1F28}.Debug|Any CPU.Build.0 = Debug|Any CPU
		{22808ED6-3BBF-4C26-8EA9-21B105AF1F28}.Release|Any CPU.ActiveCfg = Release|Any CPU
		{22808ED6-3BBF-4C26-8EA9-21B105AF1F28}.Release|Any CPU.Build.0 = Release|Any CPU
		{DCB22950-F505-44BE-AEC4-09BE1D214EDB}.Debug|Any CPU.ActiveCfg = Debug|Any CPU
		{DCB22950-F505-44BE-AEC4-09BE1D214EDB}.Debug|Any CPU.Build.0 = Debug|Any CPU
		{DCB22950-F505-44BE-AEC4-09BE1D214EDB}.Release|Any CPU.ActiveCfg = Release|Any CPU
		{DCB22950-F505-44BE-AEC4-09BE1D214EDB}.Release|Any CPU.Build.0 = Release|Any CPU
		{7F0A6F1B-9FD8-45BF-8CAA-5541F730581C}.Debug|Any CPU.ActiveCfg = Debug|Any CPU
		{7F0A6F1B-9FD8-45BF-8CAA-5541F730581C}.Debug|Any CPU.Build.0 = Debug|Any CPU
		{7F0A6F1B-9FD8-45BF-8CAA-5541F730581C}.Release|Any CPU.ActiveCfg = Release|Any CPU
		{7F0A6F1B-9FD8-45BF-8CAA-5541F730581C}.Release|Any CPU.Build.0 = Release|Any CPU
		{F5B56AAA-5F2B-4FA3-9B06-D39F39DACF08}.Debug|Any CPU.ActiveCfg = Debug|Any CPU
		{F5B56AAA-5F2B-4FA3-9B06-D39F39DACF08}.Debug|Any CPU.Build.0 = Debug|Any CPU
		{F5B56AAA-5F2B-4FA3-9B06-D39F39DACF08}.Release|Any CPU.ActiveCfg = Release|Any CPU
		{F5B56AAA-5F2B-4FA3-9B06-D39F39DACF08}.Release|Any CPU.Build.0 = Release|Any CPU
	EndGlobalSection
	GlobalSection(SolutionProperties) = preSolution
		HideSolutionNode = FALSE
	EndGlobalSection
	GlobalSection(ExtensibilityGlobals) = postSolution
		SolutionGuid = {E9A3BB31-5100-4690-8EB9-71795D4D5FEB}
	EndGlobalSection
EndGlobal
